{
  "originHash" : "9924ac8fe4af3f3f380a72cdd2d7714a652bd9bd832846a3930431c79d5a5b71",
  "pins" : [
    {
      "identity" : "factory",
      "kind" : "remoteSourceControl",
      "location" : "https://github.com/hmlongco/Factory.git",
      "state" : {
        "revision" : "ccc898f21992ebc130bc04cc197460a5ae230bcf",
        "version" : "2.5.3"
      }
    },
    {
      "identity" : "viewinspector",
      "kind" : "remoteSourceControl",
      "location" : "https://github.com/nalexn/ViewInspector",
      "state" : {
        "revision" : "788e7879d38a839c4e348ab0762dcc0364e646a2",
        "version" : "0.10.1"
      }
    }
  ],
  "version" : 3
}
